
Microsoft Visual Studio Solution File, Format Version 12.00
# Visual Studio Version 16
VisualStudioVersion = 16.0.31702.278
MinimumVisualStudioVersion = 10.0.40219.1
Project("{9A19103F-16F7-4668-BE54-9A1E7A4F7556}") = "Quoridor.TUI", "Quoridor.TUI\Quoridor.TUI.csproj", "{42D26675-A231-4B79-95A8-E47C02EADC03}"
EndProject
Project("{9A19103F-16F7-4668-BE54-9A1E7A4F7556}") = "Quoridor.Core", "Quoridor.Core\Quoridor.Core.csproj", "{63527915-F5BD-4F98-8A6D-8388BC3C0EE1}"
EndProject
Project("{FAE04EC0-301F-11D3-BF4B-00C04F79EFBC}") = "Quoridor.Bot", "Quoridor.Bot\Quoridor.Bot.csproj", "{F1622F3F-9B41-4CD7-82DA-D9AEB9AB5208}"
EndProject
Global
	GlobalSection(SolutionConfigurationPlatforms) = preSolution
		Debug|Any CPU = Debug|Any CPU
		Release|Any CPU = Release|Any CPU
	EndGlobalSection
	GlobalSection(ProjectConfigurationPlatforms) = postSolution
		{42D26675-A231-4B79-95A8-E47C02EADC03}.Debug|Any CPU.ActiveCfg = Debug|Any CPU
		{42D26675-A231-4B79-95A8-E47C02EADC03}.Debug|Any CPU.Build.0 = Debug|Any CPU
		{42D26675-A231-4B79-95A8-E47C02EADC03}.Release|Any CPU.ActiveCfg = Release|Any CPU
		{42D26675-A231-4B79-95A8-E47C02EADC03}.Release|Any CPU.Build.0 = Release|Any CPU
		{63527915-F5BD-4F98-8A6D-8388BC3C0EE1}.Debug|Any CPU.ActiveCfg = Debug|Any CPU
		{63527915-F5BD-4F98-8A6D-8388BC3C0EE1}.Debug|Any CPU.Build.0 = Debug|Any CPU
		{63527915-F5BD-4F98-8A6D-8388BC3C0EE1}.Release|Any CPU.ActiveCfg = Release|Any CPU
		{63527915-F5BD-4F98-8A6D-8388BC3C0EE1}.Release|Any CPU.Build.0 = Release|Any CPU
		{F1622F3F-9B41-4CD7-82DA-D9AEB9AB5208}.Debug|Any CPU.ActiveCfg = Debug|Any CPU
		{F1622F3F-9B41-4CD7-82DA-D9AEB9AB5208}.Debug|Any CPU.Build.0 = Debug|Any CPU
		{F1622F3F-9B41-4CD7-82DA-D9AEB9AB5208}.Release|Any CPU.ActiveCfg = Release|Any CPU
		{F1622F3F-9B41-4CD7-82DA-D9AEB9AB5208}.Release|Any CPU.Build.0 = Release|Any CPU
	EndGlobalSection
	GlobalSection(SolutionProperties) = preSolution
		HideSolutionNode = FALSE
	EndGlobalSection
	GlobalSection(ExtensibilityGlobals) = postSolution
		SolutionGuid = {BD764E86-55AC-40BD-854D-12053628BEA9}
	EndGlobalSection
EndGlobal
